
Microsoft Visual Studio Solution File, Format Version 12.00
# Visual Studio Version 16
VisualStudioVersion = 16.0.31321.278
MinimumVisualStudioVersion = 10.0.40219.1
Project("{FAE04EC0-301F-11D3-BF4B-00C04F79EFBC}") = "FactoryPatternExercise1", "FactoryPatternExercise1\FactoryPatternExercise1.csproj", "{EFC0B0FB-0DD7-449E-B6A1-69ADAC9C1F26}"
EndProject
Global
	GlobalSection(SolutionConfigurationPlatforms) = preSolution
		Debug|Any CPU = Debug|Any CPU
		Release|Any CPU = Release|Any CPU
	EndGlobalSection
	GlobalSection(ProjectConfigurationPlatforms) = postSolution
		{EFC0B0FB-0DD7-449E-B6A1-69ADAC9C1F26}.Debug|Any CPU.ActiveCfg = Debug|Any CPU
		{EFC0B0FB-0DD7-449E-B6A1-69ADAC9C1F26}.Debug|Any CPU.Build.0 = Debug|Any CPU
		{EFC0B0FB-0DD7-449E-B6A1-69ADAC9C1F26}.Release|Any CPU.ActiveCfg = Release|Any CPU
		{EFC0B0FB-0DD7-449E-B6A1-69ADAC9C1F26}.Release|Any CPU.Build.0 = Release|Any CPU
	EndGlobalSection
	GlobalSection(SolutionProperties) = preSolution
		HideSolutionNode = FALSE
	EndGlobalSection
	GlobalSection(ExtensibilityGlobals) = postSolution
		SolutionGuid = {3E07CA44-8346-467B-8A2E-A8AF71B94EF8}
	EndGlobalSection
EndGlobal
